
Microsoft Visual Studio Solution File, Format Version 12.00
# Visual Studio Version 16
VisualStudioVersion = 16.0.31624.102
MinimumVisualStudioVersion = 10.0.40219.1
Project("{FAE04EC0-301F-11D3-BF4B-00C04F79EFBC}") = "Q1", "Q1\Q1.csproj", "{4982654E-4DE5-4F89-87D0-48D4972362EF}"
EndProject
Global
	GlobalSection(SolutionConfigurationPlatforms) = preSolution
		Debug|Any CPU = Debug|Any CPU
		Release|Any CPU = Release|Any CPU
	EndGlobalSection
	GlobalSection(ProjectConfigurationPlatforms) = postSolution
		{4982654E-4DE5-4F89-87D0-48D4972362EF}.Debug|Any CPU.ActiveCfg = Debug|Any CPU
		{4982654E-4DE5-4F89-87D0-48D4972362EF}.Debug|Any CPU.Build.0 = Debug|Any CPU
		{4982654E-4DE5-4F89-87D0-48D4972362EF}.Release|Any CPU.ActiveCfg = Release|Any CPU
		{4982654E-4DE5-4F89-87D0-48D4972362EF}.Release|Any CPU.Build.0 = Release|Any CPU
	EndGlobalSection
	GlobalSection(SolutionProperties) = preSolution
		HideSolutionNode = FALSE
	EndGlobalSection
	GlobalSection(ExtensibilityGlobals) = postSolution
		SolutionGuid = {DFC48F2D-4843-4991-B279-ED46310146A7}
	EndGlobalSection
EndGlobal
